
Microsoft Visual Studio Solution File, Format Version 12.00
# Visual Studio Version 17
VisualStudioVersion = 17.5.002.0
MinimumVisualStudioVersion = 10.0.40219.1
Project("{9A19103F-16F7-4668-BE54-9A1E7A4F7556}") = "ApiCrud.Api", "ApiCrud.Api.csproj", "{F4A0F8F5-D561-4016-9EE4-5A61A3332ECB}"
EndProject
Global
	GlobalSection(SolutionConfigurationPlatforms) = preSolution
		Debug|Any CPU = Debug|Any CPU
		Release|Any CPU = Release|Any CPU
	EndGlobalSection
	GlobalSection(ProjectConfigurationPlatforms) = postSolution
		{F4A0F8F5-D561-4016-9EE4-5A61A3332ECB}.Debug|Any CPU.ActiveCfg = Debug|Any CPU
		{F4A0F8F5-D561-4016-9EE4-5A61A3332ECB}.Debug|Any CPU.Build.0 = Debug|Any CPU
		{F4A0F8F5-D561-4016-9EE4-5A61A3332ECB}.Release|Any CPU.ActiveCfg = Release|Any CPU
		{F4A0F8F5-D561-4016-9EE4-5A61A3332ECB}.Release|Any CPU.Build.0 = Release|Any CPU
	EndGlobalSection
	GlobalSection(SolutionProperties) = preSolution
		HideSolutionNode = FALSE
	EndGlobalSection
	GlobalSection(ExtensibilityGlobals) = postSolution
		SolutionGuid = {6264B802-3391-4707-A316-C1CBD2FA9567}
	EndGlobalSection
EndGlobal
